
Microsoft Visual Studio Solution File, Format Version 12.00
# Visual Studio 2012
Project("{E24C65DC-7377-472B-9ABA-BC803B73C61A}") = "Marionette-Bootstrap-Samples", ".", "{3539D710-4F87-4408-82BF-53A2E0E1530A}"
	ProjectSection(WebsiteProperties) = preProject
		TargetFrameworkMoniker = ".NETFramework,Version%3Dv4.0"
		Debug.AspNetCompiler.VirtualPath = "/Marionette-Bootstrap-Samples"
		Debug.AspNetCompiler.PhysicalPath = "D:\JavaWorkSpace\git_workspace\Marionette-Bootstrap-Samples\"
		Debug.AspNetCompiler.TargetPath = "PrecompiledWeb\Marionette-Bootstrap-Samples\"
		Debug.AspNetCompiler.Updateable = "true"
		Debug.AspNetCompiler.ForceOverwrite = "true"
		Debug.AspNetCompiler.FixedNames = "false"
		Debug.AspNetCompiler.Debug = "True"
		Release.AspNetCompiler.VirtualPath = "/Marionette-Bootstrap-Samples"
		Release.AspNetCompiler.PhysicalPath = "D:\JavaWorkSpace\git_workspace\Marionette-Bootstrap-Samples\"
		Release.AspNetCompiler.TargetPath = "PrecompiledWeb\Marionette-Bootstrap-Samples\"
		Release.AspNetCompiler.Updateable = "true"
		Release.AspNetCompiler.ForceOverwrite = "true"
		Release.AspNetCompiler.FixedNames = "false"
		Release.AspNetCompiler.Debug = "False"
		VWDPort = "4626"
	EndProjectSection
EndProject
Global
	GlobalSection(SolutionConfigurationPlatforms) = preSolution
		Debug|Any CPU = Debug|Any CPU
	EndGlobalSection
	GlobalSection(ProjectConfigurationPlatforms) = postSolution
		{3539D710-4F87-4408-82BF-53A2E0E1530A}.Debug|Any CPU.ActiveCfg = Debug|Any CPU
		{3539D710-4F87-4408-82BF-53A2E0E1530A}.Debug|Any CPU.Build.0 = Debug|Any CPU
	EndGlobalSection
	GlobalSection(SolutionProperties) = preSolution
		HideSolutionNode = FALSE
	EndGlobalSection
EndGlobal
